
Microsoft Visual Studio Solution File, Format Version 12.00
# Visual Studio Version 17
VisualStudioVersion = 17.1.32319.34
MinimumVisualStudioVersion = 10.0.40219.1
Project("{2150E333-8FDC-42A3-9474-1A3956D46DE8}") = "src", "src", "{F771B02B-8595-4674-9E50-8F0FF1BE3B6B}"
EndProject
Project("{9A19103F-16F7-4668-BE54-9A1E7A4F7556}") = "TechnologyProvider.Cqrs", "..\TechnologyProvider.Cqrs\TechnologyProvider.Cqrs.csproj", "{CC5B6915-946B-452A-B8D1-C9E770F863C9}"
EndProject
Project("{9A19103F-16F7-4668-BE54-9A1E7A4F7556}") = "TechnologyProvider.DataAccess", "..\TechnologyProvider.DataAccess\TechnologyProvider.DataAccess.csproj", "{05FAC9FB-8E63-4BFB-A32E-3CAC055CD4CC}"
EndProject
Project("{2150E333-8FDC-42A3-9474-1A3956D46DE8}") = "tests", "tests", "{212F311E-D44B-4B5B-8FE3-693F66D3F7A1}"
EndProject
Project("{9A19103F-16F7-4668-BE54-9A1E7A4F7556}") = "UnitTests", "..\..\tests\UnitTests\UnitTests.csproj", "{204EF5ED-70CD-45AC-AB03-8C958F305EAB}"
EndProject
Global
	GlobalSection(SolutionConfigurationPlatforms) = preSolution
		Debug|Any CPU = Debug|Any CPU
		Release|Any CPU = Release|Any CPU
	EndGlobalSection
	GlobalSection(ProjectConfigurationPlatforms) = postSolution
		{CC5B6915-946B-452A-B8D1-C9E770F863C9}.Debug|Any CPU.ActiveCfg = Debug|Any CPU
		{CC5B6915-946B-452A-B8D1-C9E770F863C9}.Debug|Any CPU.Build.0 = Debug|Any CPU
		{CC5B6915-946B-452A-B8D1-C9E770F863C9}.Release|Any CPU.ActiveCfg = Release|Any CPU
		{CC5B6915-946B-452A-B8D1-C9E770F863C9}.Release|Any CPU.Build.0 = Release|Any CPU
		{05FAC9FB-8E63-4BFB-A32E-3CAC055CD4CC}.Debug|Any CPU.ActiveCfg = Debug|Any CPU
		{05FAC9FB-8E63-4BFB-A32E-3CAC055CD4CC}.Debug|Any CPU.Build.0 = Debug|Any CPU
		{05FAC9FB-8E63-4BFB-A32E-3CAC055CD4CC}.Release|Any CPU.ActiveCfg = Release|Any CPU
		{05FAC9FB-8E63-4BFB-A32E-3CAC055CD4CC}.Release|Any CPU.Build.0 = Release|Any CPU
		{204EF5ED-70CD-45AC-AB03-8C958F305EAB}.Debug|Any CPU.ActiveCfg = Debug|Any CPU
		{204EF5ED-70CD-45AC-AB03-8C958F305EAB}.Debug|Any CPU.Build.0 = Debug|Any CPU
		{204EF5ED-70CD-45AC-AB03-8C958F305EAB}.Release|Any CPU.ActiveCfg = Release|Any CPU
		{204EF5ED-70CD-45AC-AB03-8C958F305EAB}.Release|Any CPU.Build.0 = Release|Any CPU
	EndGlobalSection
	GlobalSection(SolutionProperties) = preSolution
		HideSolutionNode = FALSE
	EndGlobalSection
	GlobalSection(NestedProjects) = preSolution
		{CC5B6915-946B-452A-B8D1-C9E770F863C9} = {F771B02B-8595-4674-9E50-8F0FF1BE3B6B}
		{05FAC9FB-8E63-4BFB-A32E-3CAC055CD4CC} = {F771B02B-8595-4674-9E50-8F0FF1BE3B6B}
		{204EF5ED-70CD-45AC-AB03-8C958F305EAB} = {212F311E-D44B-4B5B-8FE3-693F66D3F7A1}
	EndGlobalSection
	GlobalSection(ExtensibilityGlobals) = postSolution
		SolutionGuid = {96505A68-6DC8-44DD-93F4-ECE7872144FB}
	EndGlobalSection
EndGlobal
